{
  "name": "cobalt-int-sdk",
  "version": "1.0.37",
  "lockfileVersion": 2,
  "requires": true,
  "packages": {
    "": {
      "name": "cobalt-int-sdk",
      "version": "1.0.37",
      "license": "ISC",
      "dependencies": {
        "axios": "^0.21.1",
        "cobalt-int-common": "^1.0.33"
      },
      "devDependencies": {
        "@types/dotenv": "^8.2.0",
        "@types/node": "^15.12.4",
        "dotenv": "^10.0.0",
        "typescript": "^4.3.4"
      }
    },
    "node_modules/@types/dotenv": {
      "version": "8.2.0",
      "resolved": "https://lenovosoftware.jfrog.io/lenovosoftware/api/npm/npmjs-virtual/@types/dotenv/-/dotenv-8.2.0.tgz",
      "integrity": "sha1-XNZHEMPJjoLZ0VhEN1ozvxtF0FM=",
      "deprecated": "This is a stub types definition. dotenv provides its own type definitions, so you do not need this installed.",
      "dev": true,
      "dependencies": {
        "dotenv": "*"
      }
    },
    "node_modules/@types/node": {
      "version": "15.12.4",
      "resolved": "https://lenovosoftware.jfrog.io/lenovosoftware/api/npm/npmjs-virtual/@types/node/-/node-15.12.4.tgz",
      "integrity": "sha1-4c+BfXCh4RjoGSLE/2aDzp1CLiY=",
      "dev": true
    },
    "node_modules/axios": {
      "version": "0.21.1",
      "resolved": "https://lenovosoftware.jfrog.io/lenovosoftware/api/npm/npmjs-virtual/axios/-/axios-0.21.1.tgz",
      "integrity": "sha1-IlY0gZYvTWvemnbVFu8OXTwJsrg=",
      "dependencies": {
        "follow-redirects": "^1.10.0"
      }
    },
    "node_modules/cobalt-int-common": {
      "version": "1.0.33",
      "resolved": "https://registry.npmjs.org/cobalt-int-common/-/cobalt-int-common-1.0.33.tgz",
      "integrity": "sha512-XPLsdZiUM3X1odHjHeUrUTdFdiHj4KY5zop0eW6oyLSby9ZJ6c3QpHM1xYs4LhY3GzHRAFk5/9PG93BkGL8bfA=="
    },
    "node_modules/dotenv": {
      "version": "10.0.0",
      "resolved": "https://lenovosoftware.jfrog.io/lenovosoftware/api/npm/npmjs-virtual/dotenv/-/dotenv-10.0.0.tgz",
      "integrity": "sha1-PUInuPuV+BCWzdK2ZlP7LHCFuoE=",
      "dev": true,
      "engines": {
        "node": ">=10"
      }
    },
    "node_modules/follow-redirects": {
      "version": "1.14.1",
      "resolved": "https://lenovosoftware.jfrog.io/lenovosoftware/api/npm/npmjs-virtual/follow-redirects/-/follow-redirects-1.14.1.tgz",
      "integrity": "sha1-2RFN7Qoc/dM04WTmZirQK/2R/0M=",
      "funding": [
        {
          "type": "individual",
          "url": "https://github.com/sponsors/RubenVerborgh"
        }
      ],
      "engines": {
        "node": ">=4.0"
      },
      "peerDependenciesMeta": {
        "debug": {
          "optional": true
        }
      }
    },
    "node_modules/typescript": {
      "version": "4.3.4",
      "resolved": "https://lenovosoftware.jfrog.io/lenovosoftware/api/npm/npmjs-virtual/typescript/-/typescript-4.3.4.tgz",
      "integrity": "sha1-P4W5hpRbzzEHHezdls+L+mX53Lw=",
      "dev": true,
      "bin": {
        "tsc": "bin/tsc",
        "tsserver": "bin/tsserver"
      },
      "engines": {
        "node": ">=4.2.0"
      }
    }
  },
  "dependencies": {
    "@types/dotenv": {
      "version": "8.2.0",
      "resolved": "https://lenovosoftware.jfrog.io/lenovosoftware/api/npm/npmjs-virtual/@types/dotenv/-/dotenv-8.2.0.tgz",
      "integrity": "sha1-XNZHEMPJjoLZ0VhEN1ozvxtF0FM=",
      "dev": true,
      "requires": {
        "dotenv": "*"
      }
    },
    "@types/node": {
      "version": "15.12.4",
      "resolved": "https://lenovosoftware.jfrog.io/lenovosoftware/api/npm/npmjs-virtual/@types/node/-/node-15.12.4.tgz",
      "integrity": "sha1-4c+BfXCh4RjoGSLE/2aDzp1CLiY=",
      "dev": true
    },
    "axios": {
      "version": "0.21.1",
      "resolved": "https://lenovosoftware.jfrog.io/lenovosoftware/api/npm/npmjs-virtual/axios/-/axios-0.21.1.tgz",
      "integrity": "sha1-IlY0gZYvTWvemnbVFu8OXTwJsrg=",
      "requires": {
        "follow-redirects": "^1.10.0"
      }
    },
    "cobalt-int-common": {
      "version": "1.0.33",
      "resolved": "https://registry.npmjs.org/cobalt-int-common/-/cobalt-int-common-1.0.33.tgz",
      "integrity": "sha512-XPLsdZiUM3X1odHjHeUrUTdFdiHj4KY5zop0eW6oyLSby9ZJ6c3QpHM1xYs4LhY3GzHRAFk5/9PG93BkGL8bfA=="
    },
    "dotenv": {
      "version": "10.0.0",
      "resolved": "https://lenovosoftware.jfrog.io/lenovosoftware/api/npm/npmjs-virtual/dotenv/-/dotenv-10.0.0.tgz",
      "integrity": "sha1-PUInuPuV+BCWzdK2ZlP7LHCFuoE=",
      "dev": true
    },
    "follow-redirects": {
      "version": "1.14.1",
      "resolved": "https://lenovosoftware.jfrog.io/lenovosoftware/api/npm/npmjs-virtual/follow-redirects/-/follow-redirects-1.14.1.tgz",
      "integrity": "sha1-2RFN7Qoc/dM04WTmZirQK/2R/0M="
    },
    "typescript": {
      "version": "4.3.4",
      "resolved": "https://lenovosoftware.jfrog.io/lenovosoftware/api/npm/npmjs-virtual/typescript/-/typescript-4.3.4.tgz",
      "integrity": "sha1-P4W5hpRbzzEHHezdls+L+mX53Lw=",
      "dev": true
    }
  }
}
